{
    "version": 3,
    "terraform_version": "0.11.14",
    "serial": 11,
    "lineage": "db85cf35-61c9-d564-75dc-57d043cfea74",
    "modules": [
        {
            "path": [
                "root"
            ],
            "outputs": {},
            "resources": {
                "google_compute_firewall.default": {
                    "type": "google_compute_firewall",
                    "depends_on": [
                        "google_compute_network.vpc_network"
                    ],
                    "primary": {
                        "id": "test-firewall",
                        "attributes": {
                            "allow.#": "1",
                            "allow.803338340.ports.#": "1",
                            "allow.803338340.ports.0": "22",
                            "allow.803338340.protocol": "tcp",
                            "creation_timestamp": "2019-06-09T09:13:18.366-07:00",
                            "deny.#": "0",
                            "description": "",
                            "destination_ranges.#": "0",
                            "direction": "INGRESS",
                            "disabled": "false",
                            "id": "test-firewall",
                            "name": "test-firewall",
                            "network": "https://www.googleapis.com/compute/v1/projects/hadoop-hdp-239118/global/networks/terraform-network",
                            "priority": "1000",
                            "project": "hadoop-hdp-239118",
                            "self_link": "https://www.googleapis.com/compute/v1/projects/hadoop-hdp-239118/global/firewalls/test-firewall",
                            "source_ranges.#": "1",
                            "source_ranges.1080289494": "0.0.0.0/0",
                            "source_service_accounts.#": "0",
                            "source_tags.#": "0",
                            "target_service_accounts.#": "0",
                            "target_tags.#": "0"
                        },
                        "meta": {
                            "e2bfb730-ecaa-11e6-8f88-34363bc7c4c0": {
                                "create": 240000000000,
                                "delete": 240000000000,
                                "update": 240000000000
                            },
                            "schema_version": "1"
                        },
                        "tainted": false
                    },
                    "deposed": [],
                    "provider": "provider.google"
                },
                "google_compute_network.vpc_network": {
                    "type": "google_compute_network",
                    "depends_on": [],
                    "primary": {
                        "id": "terraform-network",
                        "attributes": {
                            "auto_create_subnetworks": "true",
                            "delete_default_routes_on_create": "false",
                            "description": "",
                            "gateway_ipv4": "",
                            "id": "terraform-network",
                            "ipv4_range": "",
                            "name": "terraform-network",
                            "project": "hadoop-hdp-239118",
                            "routing_mode": "REGIONAL",
                            "self_link": "https://www.googleapis.com/compute/v1/projects/hadoop-hdp-239118/global/networks/terraform-network"
                        },
                        "meta": {
                            "e2bfb730-ecaa-11e6-8f88-34363bc7c4c0": {
                                "create": 240000000000,
                                "delete": 240000000000,
                                "update": 240000000000
                            }
                        },
                        "tainted": false
                    },
                    "deposed": [],
                    "provider": "provider.google"
                }
            },
            "depends_on": []
        }
    ]
}
