{
    "version": 3,
    "terraform_version": "0.11.14",
    "serial": 14,
    "lineage": "db85cf35-61c9-d564-75dc-57d043cfea74",
    "modules": [
        {
            "path": [
                "root"
            ],
            "outputs": {},
            "resources": {
                "google_compute_firewall.default": {
                    "type": "google_compute_firewall",
                    "depends_on": [
                        "google_compute_network.vpc_network"
                    ],
                    "primary": {
                        "id": "test-firewall",
                        "attributes": {
                            "allow.#": "1",
                            "allow.803338340.ports.#": "1",
                            "allow.803338340.ports.0": "22",
                            "allow.803338340.protocol": "tcp",
                            "creation_timestamp": "2019-06-09T11:10:41.706-07:00",
                            "deny.#": "0",
                            "description": "",
                            "destination_ranges.#": "0",
                            "direction": "INGRESS",
                            "disabled": "false",
                            "id": "test-firewall",
                            "name": "test-firewall",
                            "network": "https://www.googleapis.com/compute/v1/projects/hadoop-hdp-239118/global/networks/terraform-network",
                            "priority": "1000",
                            "project": "hadoop-hdp-239118",
                            "self_link": "https://www.googleapis.com/compute/v1/projects/hadoop-hdp-239118/global/firewalls/test-firewall",
                            "source_ranges.#": "1",
                            "source_ranges.1080289494": "0.0.0.0/0",
                            "source_service_accounts.#": "0",
                            "source_tags.#": "0",
                            "target_service_accounts.#": "0",
                            "target_tags.#": "0"
                        },
                        "meta": {
                            "e2bfb730-ecaa-11e6-8f88-34363bc7c4c0": {
                                "create": 240000000000,
                                "delete": 240000000000,
                                "update": 240000000000
                            },
                            "schema_version": "1"
                        },
                        "tainted": false
                    },
                    "deposed": [],
                    "provider": "provider.google"
                },
                "google_compute_instance.hdp_vm1": {
                    "type": "google_compute_instance",
                    "depends_on": [
                        "google_compute_network.vpc_network"
                    ],
                    "primary": {
                        "id": "hadoop-vm1",
                        "attributes": {
                            "attached_disk.#": "0",
                            "boot_disk.#": "1",
                            "boot_disk.0.auto_delete": "true",
                            "boot_disk.0.device_name": "persistent-disk-0",
                            "boot_disk.0.disk_encryption_key_raw": "",
                            "boot_disk.0.disk_encryption_key_sha256": "",
                            "boot_disk.0.initialize_params.#": "1",
                            "boot_disk.0.initialize_params.0.image": "https://www.googleapis.com/compute/v1/projects/centos-cloud/global/images/centos-7-v20190515",
                            "boot_disk.0.initialize_params.0.size": "10",
                            "boot_disk.0.initialize_params.0.type": "pd-standard",
                            "boot_disk.0.kms_key_self_link": "",
                            "boot_disk.0.source": "https://www.googleapis.com/compute/v1/projects/hadoop-hdp-239118/zones/us-central1-c/disks/hadoop-vm1",
                            "can_ip_forward": "false",
                            "cpu_platform": "Intel Haswell",
                            "deletion_protection": "false",
                            "guest_accelerator.#": "0",
                            "hostname": "",
                            "id": "hadoop-vm1",
                            "instance_id": "4412994605798192460",
                            "label_fingerprint": "42WmSpB8rSM=",
                            "labels.%": "0",
                            "machine_type": "n1-standard-1",
                            "metadata.%": "1",
                            "metadata.ssh-keys": "useradmin:ssh-rsa AAAAB3NzaC1yc2EAAAADAQABAAABAQDhrUV+4skTDEeh6dohBYA7km+ngajPYuTeiNw4BjJldq9JmI73+HSDafyRC7OwPt752k7pSyE5OX1JC4Ng3kkQKEnt7MEQjjI6+XW9pfWzYP0s35NuDQwNx90uLzFr8GBjB6MlpM3Dh6qU/4F80RgvWZ6HYCrDCyj29b8Z6PGzfFuhKsG2pkCanBHcp9YaJ2zmiJXWmMJEJcq+KE8yZiKo+o5oZfq9tAHZ18YvCSHpU1Ug8tw+NK4gYBXT79T8dNHc1AgWKAycN2cEGUqMVaqr2aN1FR57Z67arMZ192wt0D2G+RryD0HvI8EpYfUzwyseFoMGytfJEcJsPJxJNZ5P useradmin@useradmin-ThinkPad-T430\n",
                            "metadata_fingerprint": "6POzjAhOU80=",
                            "metadata_startup_script": " #!/bin/bash\n sudo yum update\n sudo yum -y install httpd\n sudo systemctl enable httpd\n sudo systemctl start httpd",
                            "min_cpu_platform": "",
                            "name": "hadoop-vm1",
                            "network_interface.#": "1",
                            "network_interface.0.access_config.#": "1",
                            "network_interface.0.access_config.0.assigned_nat_ip": "",
                            "network_interface.0.access_config.0.nat_ip": "23.236.55.198",
                            "network_interface.0.access_config.0.network_tier": "PREMIUM",
                            "network_interface.0.access_config.0.public_ptr_domain_name": "",
                            "network_interface.0.address": "",
                            "network_interface.0.alias_ip_range.#": "0",
                            "network_interface.0.name": "nic0",
                            "network_interface.0.network": "https://www.googleapis.com/compute/v1/projects/hadoop-hdp-239118/global/networks/terraform-network",
                            "network_interface.0.network_ip": "10.128.0.2",
                            "network_interface.0.subnetwork": "https://www.googleapis.com/compute/v1/projects/hadoop-hdp-239118/regions/us-central1/subnetworks/terraform-network",
                            "network_interface.0.subnetwork_project": "hadoop-hdp-239118",
                            "project": "hadoop-hdp-239118",
                            "scheduling.#": "1",
                            "scheduling.0.automatic_restart": "true",
                            "scheduling.0.node_affinities.#": "0",
                            "scheduling.0.on_host_maintenance": "MIGRATE",
                            "scheduling.0.preemptible": "false",
                            "scratch_disk.#": "0",
                            "self_link": "https://www.googleapis.com/compute/v1/projects/hadoop-hdp-239118/zones/us-central1-c/instances/hadoop-vm1",
                            "service_account.#": "0",
                            "shielded_instance_config.#": "0",
                            "tags.#": "0",
                            "tags_fingerprint": "42WmSpB8rSM=",
                            "zone": "us-central1-c"
                        },
                        "meta": {
                            "e2bfb730-ecaa-11e6-8f88-34363bc7c4c0": {
                                "create": 360000000000,
                                "delete": 360000000000,
                                "update": 360000000000
                            },
                            "schema_version": "6"
                        },
                        "tainted": false
                    },
                    "deposed": [],
                    "provider": "provider.google"
                },
                "google_compute_network.vpc_network": {
                    "type": "google_compute_network",
                    "depends_on": [],
                    "primary": {
                        "id": "terraform-network",
                        "attributes": {
                            "auto_create_subnetworks": "true",
                            "delete_default_routes_on_create": "false",
                            "description": "",
                            "gateway_ipv4": "",
                            "id": "terraform-network",
                            "ipv4_range": "",
                            "name": "terraform-network",
                            "project": "hadoop-hdp-239118",
                            "routing_mode": "REGIONAL",
                            "self_link": "https://www.googleapis.com/compute/v1/projects/hadoop-hdp-239118/global/networks/terraform-network"
                        },
                        "meta": {
                            "e2bfb730-ecaa-11e6-8f88-34363bc7c4c0": {
                                "create": 240000000000,
                                "delete": 240000000000,
                                "update": 240000000000
                            }
                        },
                        "tainted": false
                    },
                    "deposed": [],
                    "provider": "provider.google"
                }
            },
            "depends_on": []
        }
    ]
}
